{
  "name": "cloud-solution-advisor",
  "lockfileVersion": 3,
  "requires": true,
  "packages": {
    "": {
      "dependencies": {
        "@splinetool/react-spline": "^4.1.0",
        "@splinetool/runtime": "^1.10.90",
        "framer-motion": "^12.23.24"
      }
    },
    "node_modules/@splinetool/react-spline": {
      "version": "4.1.0",
      "resolved": "https://registry.npmjs.org/@splinetool/react-spline/-/react-spline-4.1.0.tgz",
      "integrity": "sha512-Y379gm17gw+1nxT/YXTCJnVIWuu7tsUH1tp/YxsYb0pZnc9Gljk7Om4Kpq7WPq0bZ4zidVCxf6xn6jgDcbHifQ==",
      "dependencies": {
        "blurhash": "2.0.5",
        "lodash.debounce": "4.0.8",
        "react-merge-refs": "2.1.1",
        "thumbhash": "0.1.1"
      },
      "peerDependencies": {
        "@splinetool/runtime": "*",
        "next": ">=14.2.0",
        "react": "*",
        "react-dom": "*"
      },
      "peerDependenciesMeta": {
        "next": {
          "optional": true
        }
      }
    },
    "node_modules/@splinetool/runtime": {
      "version": "1.10.90",
      "resolved": "https://registry.npmjs.org/@splinetool/runtime/-/runtime-1.10.90.tgz",
      "integrity": "sha512-FypHPgui4JPexACuTG+uBLCpwp0FqfIsDwIHtJ7fS5jgzcBiw/k2hEAGQxCR0vUkCJ2M0Pw9Sd8ACwnAtg6SPA==",
      "dependencies": {
        "on-change": "^4.0.0",
        "semver-compare": "^1.0.0"
      }
    },
    "node_modules/blurhash": {
      "version": "2.0.5",
      "resolved": "https://registry.npmjs.org/blurhash/-/blurhash-2.0.5.tgz",
      "integrity": "sha512-cRygWd7kGBQO3VEhPiTgq4Wc43ctsM+o46urrmPOiuAe+07fzlSB9OJVdpgDL0jPqXUVQ9ht7aq7kxOeJHRK+w==",
      "license": "MIT"
    },
    "node_modules/framer-motion": {
      "version": "12.23.24",
      "resolved": "https://registry.npmjs.org/framer-motion/-/framer-motion-12.23.24.tgz",
      "integrity": "sha512-HMi5HRoRCTou+3fb3h9oTLyJGBxHfW+HnNE25tAXOvVx/IvwMHK0cx7IR4a2ZU6sh3IX1Z+4ts32PcYBOqka8w==",
      "license": "MIT",
      "dependencies": {
        "motion-dom": "^12.23.23",
        "motion-utils": "^12.23.6",
        "tslib": "^2.4.0"
      },
      "peerDependencies": {
        "@emotion/is-prop-valid": "*",
        "react": "^18.0.0 || ^19.0.0",
        "react-dom": "^18.0.0 || ^19.0.0"
      },
      "peerDependenciesMeta": {
        "@emotion/is-prop-valid": {
          "optional": true
        },
        "react": {
          "optional": true
        },
        "react-dom": {
          "optional": true
        }
      }
    },
    "node_modules/lodash.debounce": {
      "version": "4.0.8",
      "resolved": "https://registry.npmjs.org/lodash.debounce/-/lodash.debounce-4.0.8.tgz",
      "integrity": "sha512-FT1yDzDYEoYWhnSGnpE/4Kj1fLZkDFyqRb7fNt6FdYOSxlUWAtp42Eh6Wb0rGIv/m9Bgo7x4GhQbm5Ys4SG5ow==",
      "license": "MIT"
    },
    "node_modules/motion-dom": {
      "version": "12.23.23",
      "resolved": "https://registry.npmjs.org/motion-dom/-/motion-dom-12.23.23.tgz",
      "integrity": "sha512-n5yolOs0TQQBRUFImrRfs/+6X4p3Q4n1dUEqt/H58Vx7OW6RF+foWEgmTVDhIWJIMXOuNNL0apKH2S16en9eiA==",
      "license": "MIT",
      "dependencies": {
        "motion-utils": "^12.23.6"
      }
    },
    "node_modules/motion-utils": {
      "version": "12.23.6",
      "resolved": "https://registry.npmjs.org/motion-utils/-/motion-utils-12.23.6.tgz",
      "integrity": "sha512-eAWoPgr4eFEOFfg2WjIsMoqJTW6Z8MTUCgn/GZ3VRpClWBdnbjryiA3ZSNLyxCTmCQx4RmYX6jX1iWHbenUPNQ==",
      "license": "MIT"
    },
    "node_modules/on-change": {
      "version": "4.0.2",
      "resolved": "https://registry.npmjs.org/on-change/-/on-change-4.0.2.tgz",
      "integrity": "sha512-cMtCyuJmTx/bg2HCpHo3ZLeF7FZnBOapLqZHr2AlLeJ5Ul0Zu2mUJJz051Fdwu/Et2YW04ZD+TtU+gVy0ACNCA==",
      "license": "MIT",
      "engines": {
        "node": "^12.20.0 || ^14.13.1 || >=16.0.0"
      },
      "funding": {
        "url": "https://github.com/sindresorhus/on-change?sponsor=1"
      }
    },
    "node_modules/react": {
      "version": "19.2.0",
      "resolved": "https://registry.npmjs.org/react/-/react-19.2.0.tgz",
      "integrity": "sha512-tmbWg6W31tQLeB5cdIBOicJDJRR2KzXsV7uSK9iNfLWQ5bIZfxuPEHp7M8wiHyHnn0DD1i7w3Zmin0FtkrwoCQ==",
      "license": "MIT",
      "peer": true,
      "engines": {
        "node": ">=0.10.0"
      }
    },
    "node_modules/react-dom": {
      "version": "19.2.0",
      "resolved": "https://registry.npmjs.org/react-dom/-/react-dom-19.2.0.tgz",
      "integrity": "sha512-UlbRu4cAiGaIewkPyiRGJk0imDN2T3JjieT6spoL2UeSf5od4n5LB/mQ4ejmxhCFT1tYe8IvaFulzynWovsEFQ==",
      "license": "MIT",
      "peer": true,
      "dependencies": {
        "scheduler": "^0.27.0"
      },
      "peerDependencies": {
        "react": "^19.2.0"
      }
    },
    "node_modules/react-merge-refs": {
      "version": "2.1.1",
      "resolved": "https://registry.npmjs.org/react-merge-refs/-/react-merge-refs-2.1.1.tgz",
      "integrity": "sha512-jLQXJ/URln51zskhgppGJ2ub7b2WFKGq3cl3NYKtlHoTG+dN2q7EzWrn3hN3EgPsTMvpR9tpq5ijdp7YwFZkag==",
      "license": "MIT",
      "funding": {
        "type": "github",
        "url": "https://github.com/sponsors/gregberge"
      }
    },
    "node_modules/scheduler": {
      "version": "0.27.0",
      "resolved": "https://registry.npmjs.org/scheduler/-/scheduler-0.27.0.tgz",
      "integrity": "sha512-eNv+WrVbKu1f3vbYJT/xtiF5syA5HPIMtf9IgY/nKg0sWqzAUEvqY/xm7OcZc/qafLx/iO9FgOmeSAp4v5ti/Q==",
      "license": "MIT",
      "peer": true
    },
    "node_modules/semver-compare": {
      "version": "1.0.0",
      "resolved": "https://registry.npmjs.org/semver-compare/-/semver-compare-1.0.0.tgz",
      "integrity": "sha512-YM3/ITh2MJ5MtzaM429anh+x2jiLVjqILF4m4oyQB18W7Ggea7BfqdH/wGMK7dDiMghv/6WG7znWMwUDzJiXow==",
      "license": "MIT"
    },
    "node_modules/thumbhash": {
      "version": "0.1.1",
      "resolved": "https://registry.npmjs.org/thumbhash/-/thumbhash-0.1.1.tgz",
      "integrity": "sha512-kH5pKeIIBPQXAOni2AiY/Cu/NKdkFREdpH+TLdM0g6WA7RriCv0kPLgP731ady67MhTAqrVG/4mnEeibVuCJcg==",
      "license": "MIT"
    },
    "node_modules/tslib": {
      "version": "2.8.1",
      "resolved": "https://registry.npmjs.org/tslib/-/tslib-2.8.1.tgz",
      "integrity": "sha512-oJFu94HQb+KVduSUQL7wnpmqnfmLsOA/nAh6b6EH0wCEoK0/mPeXU6c3wKDV83MkOuHPRHtSXKKU99IBazS/2w==",
      "license": "0BSD"
    }
  }
}
